{
  "name": "InventoryManagementSystem",
  "lockfileVersion": 2,
  "requires": true,
  "packages": {
    "": {
      "dependencies": {
        "vt-notifications": "^0.3.1"
      }
    },
    "node_modules/vt-notifications": {
      "version": "0.3.1",
      "resolved": "https://registry.npmjs.org/vt-notifications/-/vt-notifications-0.3.1.tgz",
      "integrity": "sha512-9d2bordmQULWrS2VLZqA4XclunjAM5llZagYVRJI2usF3bQEYvN/fg1V7fzhqYwAqbaf4/z7OwJBsXLasBZ8zw==",
      "peerDependencies": {
        "vue": "^2.0.0"
      }
    },
    "node_modules/vue": {
      "version": "2.6.12",
      "resolved": "https://registry.npmjs.org/vue/-/vue-2.6.12.tgz",
      "integrity": "sha512-uhmLFETqPPNyuLLbsKz6ioJ4q7AZHzD8ZVFNATNyICSZouqP2Sz0rotWQC8UNBF6VGSCs5abnKJoStA6JbCbfg==",
      "peer": true
    }
  },
  "dependencies": {
    "vt-notifications": {
      "version": "0.3.1",
      "resolved": "https://registry.npmjs.org/vt-notifications/-/vt-notifications-0.3.1.tgz",
      "integrity": "sha512-9d2bordmQULWrS2VLZqA4XclunjAM5llZagYVRJI2usF3bQEYvN/fg1V7fzhqYwAqbaf4/z7OwJBsXLasBZ8zw==",
      "requires": {}
    },
    "vue": {
      "version": "2.6.12",
      "resolved": "https://registry.npmjs.org/vue/-/vue-2.6.12.tgz",
      "integrity": "sha512-uhmLFETqPPNyuLLbsKz6ioJ4q7AZHzD8ZVFNATNyICSZouqP2Sz0rotWQC8UNBF6VGSCs5abnKJoStA6JbCbfg==",
      "peer": true
    }
  }
}
